{
    "_readme": [
        "This file locks the dependencies of your project to a known state",
        "Read more about it at https://getcomposer.org/doc/01-basic-usage.md#installing-dependencies",
        "This file is @generated automatically"
    ],
    "content-hash": "b95d646266e056a89cfe173f12874fd5",
    "packages": [
        {
            "name": "davedevelopment/dspec",
            "version": "dev-master",
            "source": {
                "type": "git",
                "url": "https://github.com/churchcommunitybuilder/dspec",
                "reference": "57f19898cf89003704cc3b2aa5082ff47d8f74e4"
            },
            "dist": {
                "type": "zip",
                "url": "https://api.github.com/repos/davedevelopment/dspec/zipball/6077b1d213dc09f1fbcf7b260f3926a7019a0618",
                "reference": "6077b1d213dc09f1fbcf7b260f3926a7019a0618",
                "shasum": ""
            },
            "require": {
                "pimple/pimple": "~1.0",
                "symfony/console": "~2.1",
                "symfony/event-dispatcher": "~2.1",
                "symfony/finder": "~2.1"
            },
            "require-dev": {
                "behat/behat": "*",
                "davedevelopment/hamcrest-php": "*@dev",
                "davedevelopment/montserrat": "*@dev",
                "mockery/mockery": "*",
                "monolog/monolog": "*",
                "whatthejeff/nyancat-scoreboard": "~1.1"
            },
            "suggest": {
                "mockery/mockery": "For mocks and stubs",
                "monolog/monolog": "For logging",
                "symfony/yaml": "For yaml config files"
            },
            "bin": [
                "bin/dspec"
            ],
            "type": "library",
            "extra": {
                "branch-alias": {
                    "dev-master": "1.0.x-dev"
                }
            },
            "autoload": {
                "psr-0": {
                    "DSpec": "src/"
                }
            },
            "notification-url": "https://packagist.org/downloads/",
            "license": [
                "MIT"
            ],
            "description": "A BDD spec style testing tool for PHP 5.3",
            "time": "2017-11-07T08:10:33+00:00"
        },
        {
            "name": "koala-framework/file-watcher",
            "version": "dev-master",
            "source": {
                "type": "git",
                "url": "https://github.com/dkoehn/file-watcher.git",
                "reference": "0dde6a430e98185b05e98f44a3f717da8cf69eac"
            },
            "require": {
                "psr/log": "~1.0",
                "symfony/event-dispatcher": "~2.6",
                "symfony/finder": "~2.6",
                "symfony/process": "~2.6"
            },
            "require-dev": {
                "phpunit/php-invoker": "*",
                "phpunit/phpunit": "4.5.*",
                "symfony/filesystem": "~4.2"
            },
            "type": "library",
            "autoload": {
                "psr-0": {
                    "Kwf\\FileWatcher": "src/"
                }
            },
            "license": [
                "BSD-2-Clause"
            ],
            "description": "Library for watching for file system changes",
            "homepage": "http://www.koala-framework.org/",
            "time": "2019-04-05T02:21:26+00:00"
        },
        {
            "name": "nikic/php-parser",
            "version": "v4.2.1",
            "source": {
                "type": "git",
                "url": "https://github.com/nikic/PHP-Parser.git",
                "reference": "5221f49a608808c1e4d436df32884cbc1b821ac0"
            },
            "dist": {
                "type": "zip",
                "url": "https://api.github.com/repos/nikic/PHP-Parser/zipball/5221f49a608808c1e4d436df32884cbc1b821ac0",
                "reference": "5221f49a608808c1e4d436df32884cbc1b821ac0",
                "shasum": ""
            },
            "require": {
                "ext-tokenizer": "*",
                "php": ">=7.0"
            },
            "require-dev": {
                "phpunit/phpunit": "^6.5 || ^7.0"
            },
            "bin": [
                "bin/php-parse"
            ],
            "type": "library",
            "extra": {
                "branch-alias": {
                    "dev-master": "4.2-dev"
                }
            },
            "autoload": {
                "psr-4": {
                    "PhpParser\\": "lib/PhpParser"
                }
            },
            "notification-url": "https://packagist.org/downloads/",
            "license": [
                "BSD-3-Clause"
            ],
            "authors": [
                {
                    "name": "Nikita Popov"
                }
            ],
            "description": "A PHP parser written in PHP",
            "keywords": [
                "parser",
                "php"
            ],
            "time": "2019-02-16T20:54:15+00:00"
        },
        {
            "name": "pimple/pimple",
            "version": "v1.1.1",
            "source": {
                "type": "git",
                "url": "https://github.com/silexphp/Pimple.git",
                "reference": "2019c145fe393923f3441b23f29bbdfaa5c58c4d"
            },
            "dist": {
                "type": "zip",
                "url": "https://api.github.com/repos/silexphp/Pimple/zipball/2019c145fe393923f3441b23f29bbdfaa5c58c4d",
                "reference": "2019c145fe393923f3441b23f29bbdfaa5c58c4d",
                "shasum": ""
            },
            "require": {
                "php": ">=5.3.0"
            },
            "type": "library",
            "extra": {
                "branch-alias": {
                    "dev-master": "1.1.x-dev"
                }
            },
            "autoload": {
                "psr-0": {
                    "Pimple": "lib/"
                }
            },
            "notification-url": "https://packagist.org/downloads/",
            "license": [
                "MIT"
            ],
            "authors": [
                {
                    "name": "Fabien Potencier",
                    "email": "fabien@symfony.com"
                }
            ],
            "description": "Pimple is a simple Dependency Injection Container for PHP 5.3",
            "homepage": "http://pimple.sensiolabs.org",
            "keywords": [
                "container",
                "dependency injection"
            ],
            "time": "2013-11-22T08:30:29+00:00"
        },
        {
            "name": "psr/log",
            "version": "1.1.0",
            "source": {
                "type": "git",
                "url": "https://github.com/php-fig/log.git",
                "reference": "6c001f1daafa3a3ac1d8ff69ee4db8e799a654dd"
            },
            "dist": {
                "type": "zip",
                "url": "https://api.github.com/repos/php-fig/log/zipball/6c001f1daafa3a3ac1d8ff69ee4db8e799a654dd",
                "reference": "6c001f1daafa3a3ac1d8ff69ee4db8e799a654dd",
                "shasum": ""
            },
            "require": {
                "php": ">=5.3.0"
            },
            "type": "library",
            "extra": {
                "branch-alias": {
                    "dev-master": "1.0.x-dev"
                }
            },
            "autoload": {
                "psr-4": {
                    "Psr\\Log\\": "Psr/Log/"
                }
            },
            "notification-url": "https://packagist.org/downloads/",
            "license": [
                "MIT"
            ],
            "authors": [
                {
                    "name": "PHP-FIG",
                    "homepage": "http://www.php-fig.org/"
                }
            ],
            "description": "Common interface for logging libraries",
            "homepage": "https://github.com/php-fig/log",
            "keywords": [
                "log",
                "psr",
                "psr-3"
            ],
            "time": "2018-11-20T15:27:04+00:00"
        },
        {
            "name": "symfony/console",
            "version": "v2.8.49",
            "source": {
                "type": "git",
                "url": "https://github.com/symfony/console.git",
                "reference": "cbcf4b5e233af15cd2bbd50dee1ccc9b7927dc12"
            },
            "dist": {
                "type": "zip",
                "url": "https://api.github.com/repos/symfony/console/zipball/cbcf4b5e233af15cd2bbd50dee1ccc9b7927dc12",
                "reference": "cbcf4b5e233af15cd2bbd50dee1ccc9b7927dc12",
                "shasum": ""
            },
            "require": {
                "php": ">=5.3.9",
                "symfony/debug": "^2.7.2|~3.0.0",
                "symfony/polyfill-mbstring": "~1.0"
            },
            "require-dev": {
                "psr/log": "~1.0",
                "symfony/event-dispatcher": "~2.1|~3.0.0",
                "symfony/process": "~2.1|~3.0.0"
            },
            "suggest": {
                "psr/log-implementation": "For using the console logger",
                "symfony/event-dispatcher": "",
                "symfony/process": ""
            },
            "type": "library",
            "extra": {
                "branch-alias": {
                    "dev-master": "2.8-dev"
                }
            },
            "autoload": {
                "psr-4": {
                    "Symfony\\Component\\Console\\": ""
                },
                "exclude-from-classmap": [
                    "/Tests/"
                ]
            },
            "notification-url": "https://packagist.org/downloads/",
            "license": [
                "MIT"
            ],
            "authors": [
                {
                    "name": "Fabien Potencier",
                    "email": "fabien@symfony.com"
                },
                {
                    "name": "Symfony Community",
                    "homepage": "https://symfony.com/contributors"
                }
            ],
            "description": "Symfony Console Component",
            "homepage": "https://symfony.com",
            "time": "2018-11-20T15:55:20+00:00"
        },
        {
            "name": "symfony/debug",
            "version": "v3.0.9",
            "source": {
                "type": "git",
                "url": "https://github.com/symfony/debug.git",
                "reference": "697c527acd9ea1b2d3efac34d9806bf255278b0a"
            },
            "dist": {
                "type": "zip",
                "url": "https://api.github.com/repos/symfony/debug/zipball/697c527acd9ea1b2d3efac34d9806bf255278b0a",
                "reference": "697c527acd9ea1b2d3efac34d9806bf255278b0a",
                "shasum": ""
            },
            "require": {
                "php": ">=5.5.9",
                "psr/log": "~1.0"
            },
            "conflict": {
                "symfony/http-kernel": ">=2.3,<2.3.24|~2.4.0|>=2.5,<2.5.9|>=2.6,<2.6.2"
            },
            "require-dev": {
                "symfony/class-loader": "~2.8|~3.0",
                "symfony/http-kernel": "~2.8|~3.0"
            },
            "type": "library",
            "extra": {
                "branch-alias": {
                    "dev-master": "3.0-dev"
                }
            },
            "autoload": {
                "psr-4": {
                    "Symfony\\Component\\Debug\\": ""
                },
                "exclude-from-classmap": [
                    "/Tests/"
                ]
            },
            "notification-url": "https://packagist.org/downloads/",
            "license": [
                "MIT"
            ],
            "authors": [
                {
                    "name": "Fabien Potencier",
                    "email": "fabien@symfony.com"
                },
                {
                    "name": "Symfony Community",
                    "homepage": "https://symfony.com/contributors"
                }
            ],
            "description": "Symfony Debug Component",
            "homepage": "https://symfony.com",
            "time": "2016-07-30T07:22:48+00:00"
        },
        {
            "name": "symfony/event-dispatcher",
            "version": "v2.8.49",
            "source": {
                "type": "git",
                "url": "https://github.com/symfony/event-dispatcher.git",
                "reference": "a77e974a5fecb4398833b0709210e3d5e334ffb0"
            },
            "dist": {
                "type": "zip",
                "url": "https://api.github.com/repos/symfony/event-dispatcher/zipball/a77e974a5fecb4398833b0709210e3d5e334ffb0",
                "reference": "a77e974a5fecb4398833b0709210e3d5e334ffb0",
                "shasum": ""
            },
            "require": {
                "php": ">=5.3.9"
            },
            "require-dev": {
                "psr/log": "~1.0",
                "symfony/config": "^2.0.5|~3.0.0",
                "symfony/dependency-injection": "~2.6|~3.0.0",
                "symfony/expression-language": "~2.6|~3.0.0",
                "symfony/stopwatch": "~2.3|~3.0.0"
            },
            "suggest": {
                "symfony/dependency-injection": "",
                "symfony/http-kernel": ""
            },
            "type": "library",
            "extra": {
                "branch-alias": {
                    "dev-master": "2.8-dev"
                }
            },
            "autoload": {
                "psr-4": {
                    "Symfony\\Component\\EventDispatcher\\": ""
                },
                "exclude-from-classmap": [
                    "/Tests/"
                ]
            },
            "notification-url": "https://packagist.org/downloads/",
            "license": [
                "MIT"
            ],
            "authors": [
                {
                    "name": "Fabien Potencier",
                    "email": "fabien@symfony.com"
                },
                {
                    "name": "Symfony Community",
                    "homepage": "https://symfony.com/contributors"
                }
            ],
            "description": "Symfony EventDispatcher Component",
            "homepage": "https://symfony.com",
            "time": "2018-11-21T14:20:20+00:00"
        },
        {
            "name": "symfony/finder",
            "version": "v2.8.49",
            "source": {
                "type": "git",
                "url": "https://github.com/symfony/finder.git",
                "reference": "1444eac52273e345d9b95129bf914639305a9ba4"
            },
            "dist": {
                "type": "zip",
                "url": "https://api.github.com/repos/symfony/finder/zipball/1444eac52273e345d9b95129bf914639305a9ba4",
                "reference": "1444eac52273e345d9b95129bf914639305a9ba4",
                "shasum": ""
            },
            "require": {
                "php": ">=5.3.9"
            },
            "type": "library",
            "extra": {
                "branch-alias": {
                    "dev-master": "2.8-dev"
                }
            },
            "autoload": {
                "psr-4": {
                    "Symfony\\Component\\Finder\\": ""
                },
                "exclude-from-classmap": [
                    "/Tests/"
                ]
            },
            "notification-url": "https://packagist.org/downloads/",
            "license": [
                "MIT"
            ],
            "authors": [
                {
                    "name": "Fabien Potencier",
                    "email": "fabien@symfony.com"
                },
                {
                    "name": "Symfony Community",
                    "homepage": "https://symfony.com/contributors"
                }
            ],
            "description": "Symfony Finder Component",
            "homepage": "https://symfony.com",
            "time": "2018-11-11T11:18:13+00:00"
        },
        {
            "name": "symfony/polyfill-mbstring",
            "version": "v1.11.0",
            "source": {
                "type": "git",
                "url": "https://github.com/symfony/polyfill-mbstring.git",
                "reference": "fe5e94c604826c35a32fa832f35bd036b6799609"
            },
            "dist": {
                "type": "zip",
                "url": "https://api.github.com/repos/symfony/polyfill-mbstring/zipball/fe5e94c604826c35a32fa832f35bd036b6799609",
                "reference": "fe5e94c604826c35a32fa832f35bd036b6799609",
                "shasum": ""
            },
            "require": {
                "php": ">=5.3.3"
            },
            "suggest": {
                "ext-mbstring": "For best performance"
            },
            "type": "library",
            "extra": {
                "branch-alias": {
                    "dev-master": "1.11-dev"
                }
            },
            "autoload": {
                "psr-4": {
                    "Symfony\\Polyfill\\Mbstring\\": ""
                },
                "files": [
                    "bootstrap.php"
                ]
            },
            "notification-url": "https://packagist.org/downloads/",
            "license": [
                "MIT"
            ],
            "authors": [
                {
                    "name": "Nicolas Grekas",
                    "email": "p@tchwork.com"
                },
                {
                    "name": "Symfony Community",
                    "homepage": "https://symfony.com/contributors"
                }
            ],
            "description": "Symfony polyfill for the Mbstring extension",
            "homepage": "https://symfony.com",
            "keywords": [
                "compatibility",
                "mbstring",
                "polyfill",
                "portable",
                "shim"
            ],
            "time": "2019-02-06T07:57:58+00:00"
        },
        {
            "name": "symfony/process",
            "version": "v2.8.49",
            "source": {
                "type": "git",
                "url": "https://github.com/symfony/process.git",
                "reference": "c3591a09c78639822b0b290d44edb69bf9f05dc8"
            },
            "dist": {
                "type": "zip",
                "url": "https://api.github.com/repos/symfony/process/zipball/c3591a09c78639822b0b290d44edb69bf9f05dc8",
                "reference": "c3591a09c78639822b0b290d44edb69bf9f05dc8",
                "shasum": ""
            },
            "require": {
                "php": ">=5.3.9"
            },
            "type": "library",
            "extra": {
                "branch-alias": {
                    "dev-master": "2.8-dev"
                }
            },
            "autoload": {
                "psr-4": {
                    "Symfony\\Component\\Process\\": ""
                },
                "exclude-from-classmap": [
                    "/Tests/"
                ]
            },
            "notification-url": "https://packagist.org/downloads/",
            "license": [
                "MIT"
            ],
            "authors": [
                {
                    "name": "Fabien Potencier",
                    "email": "fabien@symfony.com"
                },
                {
                    "name": "Symfony Community",
                    "homepage": "https://symfony.com/contributors"
                }
            ],
            "description": "Symfony Process Component",
            "homepage": "https://symfony.com",
            "time": "2018-11-11T11:18:13+00:00"
        }
    ],
    "packages-dev": [],
    "aliases": [],
    "minimum-stability": "stable",
    "stability-flags": {
        "koala-framework/file-watcher": 20,
        "davedevelopment/dspec": 20
    },
    "prefer-stable": false,
    "prefer-lowest": false,
    "platform": {
        "php": ">=7.0"
    },
    "platform-dev": []
}
